
Microsoft Visual Studio Solution File, Format Version 12.00
# Visual Studio 15
VisualStudioVersion = 15.0.28010.2016
MinimumVisualStudioVersion = 10.0.40219.1
Project("{FAE04EC0-301F-11D3-BF4B-00C04F79EFBC}") = "CompanyDatabase.API", "CompanyDatabase.API\CompanyDatabase.API.csproj", "{3B0F6DB3-1517-44AE-AF5D-F99847C5153B}"
EndProject
Project("{9A19103F-16F7-4668-BE54-9A1E7A4F7556}") = "CompanyDatabase.Infrastructure", "CompanyDatabse.Infrastructure\CompanyDatabase.Infrastructure.csproj", "{7EE53574-6075-414B-9B11-BD74CB1FA6FD}"
EndProject
Project("{9A19103F-16F7-4668-BE54-9A1E7A4F7556}") = "CompanyDatabase.DataAccess", "CompanyDatabase.DataAccess\CompanyDatabase.DataAccess.csproj", "{96943CF5-B07C-4D03-86DC-7D7A7303E4CD}"
EndProject
Global
	GlobalSection(SolutionConfigurationPlatforms) = preSolution
		Debug|Any CPU = Debug|Any CPU
		Release|Any CPU = Release|Any CPU
	EndGlobalSection
	GlobalSection(ProjectConfigurationPlatforms) = postSolution
		{3B0F6DB3-1517-44AE-AF5D-F99847C5153B}.Debug|Any CPU.ActiveCfg = Debug|Any CPU
		{3B0F6DB3-1517-44AE-AF5D-F99847C5153B}.Debug|Any CPU.Build.0 = Debug|Any CPU
		{3B0F6DB3-1517-44AE-AF5D-F99847C5153B}.Release|Any CPU.ActiveCfg = Release|Any CPU
		{3B0F6DB3-1517-44AE-AF5D-F99847C5153B}.Release|Any CPU.Build.0 = Release|Any CPU
		{7EE53574-6075-414B-9B11-BD74CB1FA6FD}.Debug|Any CPU.ActiveCfg = Debug|Any CPU
		{7EE53574-6075-414B-9B11-BD74CB1FA6FD}.Debug|Any CPU.Build.0 = Debug|Any CPU
		{7EE53574-6075-414B-9B11-BD74CB1FA6FD}.Release|Any CPU.ActiveCfg = Release|Any CPU
		{7EE53574-6075-414B-9B11-BD74CB1FA6FD}.Release|Any CPU.Build.0 = Release|Any CPU
		{96943CF5-B07C-4D03-86DC-7D7A7303E4CD}.Debug|Any CPU.ActiveCfg = Debug|Any CPU
		{96943CF5-B07C-4D03-86DC-7D7A7303E4CD}.Debug|Any CPU.Build.0 = Debug|Any CPU
		{96943CF5-B07C-4D03-86DC-7D7A7303E4CD}.Release|Any CPU.ActiveCfg = Release|Any CPU
		{96943CF5-B07C-4D03-86DC-7D7A7303E4CD}.Release|Any CPU.Build.0 = Release|Any CPU
	EndGlobalSection
	GlobalSection(SolutionProperties) = preSolution
		HideSolutionNode = FALSE
	EndGlobalSection
	GlobalSection(ExtensibilityGlobals) = postSolution
		SolutionGuid = {53040D7C-D4AA-4C4D-854B-12189925DC67}
	EndGlobalSection
EndGlobal
